# This file is automatically @generated by Cargo.
# It is not intended for manual editing.
[[package]]
name = "aho-corasick"
version = "0.7.15"
source = "registry+https://github.com/rust-lang/crates.io-index"
checksum = "7404febffaa47dac81aa44dba71523c9d069b1bdc50a77db41195149e17f68e5"
dependencies = [
 "memchr",
]

[[package]]
name = "arrayvec"
version = "0.5.2"
source = "registry+https://github.com/rust-lang/crates.io-index"
checksum = "23b62fc65de8e4e7f52534fb52b0f3ed04746ae267519eef2a83941e8085068b"

[[package]]
name = "bitvec"
version = "0.20.1"
source = "registry+https://github.com/rust-lang/crates.io-index"
checksum = "f5011ffc90248764d7005b0e10c7294f5aa1bd87d9dd7248f4ad475b347c294d"
dependencies = [
 "funty",
 "radium",
 "tap",
 "wyz",
]

[[package]]
name = "butterscotch"
version = "0.0.1"
dependencies = [
 "butterscotch-common",
 "butterscotch-core",
 "butterscotch-ecs",
 "butterscotch-render",
]

[[package]]
name = "butterscotch-codegen"
version = "0.0.1"
dependencies = [
 "lazy_static",
 "regex",
]

[[package]]
name = "butterscotch-common"
version = "0.0.1"
dependencies = [
 "bitvec",
 "static_assertions",
]

[[package]]
name = "butterscotch-core"
version = "0.0.1"

[[package]]
name = "butterscotch-ecs"
version = "0.0.1"
dependencies = [
 "arrayvec",
 "butterscotch-codegen",
 "butterscotch-common",
 "mashup",
 "tuple_list",
]

[[package]]
name = "butterscotch-render"
version = "0.0.1"

[[package]]
name = "butterscotch-test"
version = "0.0.1"
dependencies = [
 "butterscotch",
]

[[package]]
name = "funty"
version = "1.1.0"
source = "registry+https://github.com/rust-lang/crates.io-index"
checksum = "fed34cd105917e91daa4da6b3728c47b068749d6a62c59811f06ed2ac71d9da7"

[[package]]
name = "lazy_static"
version = "1.4.0"
source = "registry+https://github.com/rust-lang/crates.io-index"
checksum = "e2abad23fbc42b3700f2f279844dc832adb2b2eb069b2df918f455c4e18cc646"

[[package]]
name = "mashup"
version = "0.1.12"
source = "registry+https://github.com/rust-lang/crates.io-index"
checksum = "7e81a2ed9c9879f92f2443fec9e6326c673b0dba3190c902b0371fd1387c4289"
dependencies = [
 "mashup-impl",
 "proc-macro-hack",
]

[[package]]
name = "mashup-impl"
version = "0.1.12"
source = "registry+https://github.com/rust-lang/crates.io-index"
checksum = "875a96a1b7ed5bdb76b8676b98a15d8888ee15e68833bb7a42897b59a9a93047"
dependencies = [
 "proc-macro-hack",
 "proc-macro2",
]

[[package]]
name = "memchr"
version = "2.3.4"
source = "registry+https://github.com/rust-lang/crates.io-index"
checksum = "0ee1c47aaa256ecabcaea351eae4a9b01ef39ed810004e298d2511ed284b1525"

[[package]]
name = "once_cell"
version = "1.5.2"
source = "registry+https://github.com/rust-lang/crates.io-index"
checksum = "13bd41f508810a131401606d54ac32a467c97172d74ba7662562ebba5ad07fa0"

[[package]]
name = "proc-macro-hack"
version = "0.4.2"
source = "registry+https://github.com/rust-lang/crates.io-index"
checksum = "463bf29e7f11344e58c9e01f171470ab15c925c6822ad75028cc1c0e1d1eb63b"
dependencies = [
 "proc-macro-hack-impl",
]

[[package]]
name = "proc-macro-hack-impl"
version = "0.4.2"
source = "registry+https://github.com/rust-lang/crates.io-index"
checksum = "38c47dcb1594802de8c02f3b899e2018c78291168a22c281be21ea0fb4796842"

[[package]]
name = "proc-macro2"
version = "0.4.30"
source = "registry+https://github.com/rust-lang/crates.io-index"
checksum = "cf3d2011ab5c909338f7887f4fc896d35932e29146c12c8d01da6b22a80ba759"
dependencies = [
 "unicode-xid",
]

[[package]]
name = "radium"
version = "0.6.2"
source = "registry+https://github.com/rust-lang/crates.io-index"
checksum = "643f8f41a8ebc4c5dc4515c82bb8abd397b527fc20fd681b7c011c2aee5d44fb"

[[package]]
name = "regex"
version = "1.4.3"
source = "registry+https://github.com/rust-lang/crates.io-index"
checksum = "d9251239e129e16308e70d853559389de218ac275b515068abc96829d05b948a"
dependencies = [
 "aho-corasick",
 "memchr",
 "regex-syntax",
 "thread_local",
]

[[package]]
name = "regex-syntax"
version = "0.6.22"
source = "registry+https://github.com/rust-lang/crates.io-index"
checksum = "b5eb417147ba9860a96cfe72a0b93bf88fee1744b5636ec99ab20c1aa9376581"

[[package]]
name = "static_assertions"
version = "1.1.0"
source = "registry+https://github.com/rust-lang/crates.io-index"
checksum = "a2eb9349b6444b326872e140eb1cf5e7c522154d69e7a0ffb0fb81c06b37543f"

[[package]]
name = "tap"
version = "1.0.0"
source = "registry+https://github.com/rust-lang/crates.io-index"
checksum = "36474e732d1affd3a6ed582781b3683df3d0563714c59c39591e8ff707cf078e"

[[package]]
name = "thread_local"
version = "1.1.1"
source = "registry+https://github.com/rust-lang/crates.io-index"
checksum = "301bdd13d23c49672926be451130892d274d3ba0b410c18e00daa7990ff38d99"
dependencies = [
 "once_cell",
]

[[package]]
name = "tuple_list"
version = "0.1.2"
source = "registry+https://github.com/rust-lang/crates.io-index"
checksum = "a26b013bed18db8535254aa4ede6f4b1c414c1eca75c8f388fb78e632ec52763"

[[package]]
name = "unicode-xid"
version = "0.1.0"
source = "registry+https://github.com/rust-lang/crates.io-index"
checksum = "fc72304796d0818e357ead4e000d19c9c174ab23dc11093ac919054d20a6a7fc"

[[package]]
name = "wyz"
version = "0.2.0"
source = "registry+https://github.com/rust-lang/crates.io-index"
checksum = "85e60b0d1b5f99db2556934e21937020776a5d31520bf169e851ac44e6420214"
